// !$*UTF8*$!
{
	archiveVersion = 1;
	classes = {
	};
	objectVersion = 50;
	objects = {

/* Begin PBXBuildFile section */
		07274AE1234FB75300DD7868 /* AppDelegate.swift in Sources */ = {isa = PBXBuildFile; fileRef = 07274AE0234FB75300DD7868 /* AppDelegate.swift */; };
		07274AE3234FB75300DD7868 /* ViewController.swift in Sources */ = {isa = PBXBuildFile; fileRef = 07274AE2234FB75300DD7868 /* ViewController.swift */; };
		07274AE5234FB75400DD7868 /* Assets.xcassets in Resources */ = {isa = PBXBuildFile; fileRef = 07274AE4234FB75400DD7868 /* Assets.xcassets */; };
		07274AE8234FB75400DD7868 /* Main.storyboard in Resources */ = {isa = PBXBuildFile; fileRef = 07274AE6234FB75400DD7868 /* Main.storyboard */; };
		07B58221238811B600519DC6 /* ConnectionPropertyView.swift in Sources */ = {isa = PBXBuildFile; fileRef = 07B58220238811B600519DC6 /* ConnectionPropertyView.swift */; };
		07B58223238811C500519DC6 /* DebugView.swift in Sources */ = {isa = PBXBuildFile; fileRef = 07B58222238811C500519DC6 /* DebugView.swift */; };
		07B58225238811D800519DC6 /* NamedTextFieldView.swift in Sources */ = {isa = PBXBuildFile; fileRef = 07B58224238811D800519DC6 /* NamedTextFieldView.swift */; };
		07F170592351B84100CABC73 /* SwiftSerial.swift in Sources */ = {isa = PBXBuildFile; fileRef = 07F170582351B84100CABC73 /* SwiftSerial.swift */; };
/* End PBXBuildFile section */

/* Begin PBXFileReference section */
		07274ADD234FB75300DD7868 /* SerialChat.app */ = {isa = PBXFileReference; explicitFileType = wrapper.application; includeInIndex = 0; path = SerialChat.app; sourceTree = BUILT_PRODUCTS_DIR; };
		07274AE0234FB75300DD7868 /* AppDelegate.swift */ = {isa = PBXFileReference; lastKnownFileType = sourcecode.swift; path = AppDelegate.swift; sourceTree = "<group>"; };
		07274AE2234FB75300DD7868 /* ViewController.swift */ = {isa = PBXFileReference; lastKnownFileType = sourcecode.swift; path = ViewController.swift; sourceTree = "<group>"; };
		07274AE4234FB75400DD7868 /* Assets.xcassets */ = {isa = PBXFileReference; lastKnownFileType = folder.assetcatalog; path = Assets.xcassets; sourceTree = "<group>"; };
		07274AE7234FB75400DD7868 /* Base */ = {isa = PBXFileReference; lastKnownFileType = file.storyboard; name = Base; path = Base.lproj/Main.storyboard; sourceTree = "<group>"; };
		07274AE9234FB75400DD7868 /* Info.plist */ = {isa = PBXFileReference; lastKnownFileType = text.plist.xml; path = Info.plist; sourceTree = "<group>"; };
		07274AEA234FB75400DD7868 /* SerialChat.entitlements */ = {isa = PBXFileReference; lastKnownFileType = text.plist.entitlements; path = SerialChat.entitlements; sourceTree = "<group>"; };
		07B58220238811B600519DC6 /* ConnectionPropertyView.swift */ = {isa = PBXFileReference; lastKnownFileType = sourcecode.swift; path = ConnectionPropertyView.swift; sourceTree = "<group>"; };
		07B58222238811C500519DC6 /* DebugView.swift */ = {isa = PBXFileReference; lastKnownFileType = sourcecode.swift; path = DebugView.swift; sourceTree = "<group>"; };
		07B58224238811D800519DC6 /* NamedTextFieldView.swift */ = {isa = PBXFileReference; lastKnownFileType = sourcecode.swift; path = NamedTextFieldView.swift; sourceTree = "<group>"; };
		07F170582351B84100CABC73 /* SwiftSerial.swift */ = {isa = PBXFileReference; fileEncoding = 4; lastKnownFileType = sourcecode.swift; path = SwiftSerial.swift; sourceTree = "<group>"; };
/* End PBXFileReference section */

/* Begin PBXFrameworksBuildPhase section */
		07274ADA234FB75300DD7868 /* Frameworks */ = {
			isa = PBXFrameworksBuildPhase;
			buildActionMask = 2147483647;
			files = (
			);
			runOnlyForDeploymentPostprocessing = 0;
		};
/* End PBXFrameworksBuildPhase section */

/* Begin PBXGroup section */
		07274AD4234FB75300DD7868 = {
			isa = PBXGroup;
			children = (
				07274ADF234FB75300DD7868 /* SerialChat */,
				07274ADE234FB75300DD7868 /* Products */,
			);
			sourceTree = "<group>";
		};
		07274ADE234FB75300DD7868 /* Products */ = {
			isa = PBXGroup;
			children = (
				07274ADD234FB75300DD7868 /* SerialChat.app */,
			);
			name = Products;
			sourceTree = "<group>";
		};
		07274ADF234FB75300DD7868 /* SerialChat */ = {
			isa = PBXGroup;
			children = (
				07B582262388147200519DC6 /* Model */,
				07B582272388147C00519DC6 /* View */,
				07B582282388148700519DC6 /* Controller */,
				07B5822A2388149700519DC6 /* Librarys */,
				07B582292388148F00519DC6 /* Singletones */,
				07274AE4234FB75400DD7868 /* Assets.xcassets */,
				07274AE9234FB75400DD7868 /* Info.plist */,
				07274AEA234FB75400DD7868 /* SerialChat.entitlements */,
			);
			path = SerialChat;
			sourceTree = "<group>";
		};
		07B582262388147200519DC6 /* Model */ = {
			isa = PBXGroup;
			children = (
			);
			path = Model;
			sourceTree = "<group>";
		};
		07B582272388147C00519DC6 /* View */ = {
			isa = PBXGroup;
			children = (
				07EC9712238D0F8E00B12A47 /* Storyboards */,
				07B58220238811B600519DC6 /* ConnectionPropertyView.swift */,
				07B58222238811C500519DC6 /* DebugView.swift */,
				07B58224238811D800519DC6 /* NamedTextFieldView.swift */,
			);
			path = View;
			sourceTree = "<group>";
		};
		07B582282388148700519DC6 /* Controller */ = {
			isa = PBXGroup;
			children = (
				07274AE2234FB75300DD7868 /* ViewController.swift */,
			);
			path = Controller;
			sourceTree = "<group>";
		};
		07B582292388148F00519DC6 /* Singletones */ = {
			isa = PBXGroup;
			children = (
				07274AE0234FB75300DD7868 /* AppDelegate.swift */,
			);
			path = Singletones;
			sourceTree = "<group>";
		};
		07B5822A2388149700519DC6 /* Librarys */ = {
			isa = PBXGroup;
			children = (
				07F170582351B84100CABC73 /* SwiftSerial.swift */,
			);
			path = Librarys;
			sourceTree = "<group>";
		};
		07EC9712238D0F8E00B12A47 /* Storyboards */ = {
			isa = PBXGroup;
			children = (
				07274AE6234FB75400DD7868 /* Main.storyboard */,
			);
			path = Storyboards;
			sourceTree = "<group>";
		};
/* End PBXGroup section */

/* Begin PBXNativeTarget section */
		07274ADC234FB75300DD7868 /* SerialChat */ = {
			isa = PBXNativeTarget;
			buildConfigurationList = 07274AED234FB75400DD7868 /* Build configuration list for PBXNativeTarget "SerialChat" */;
			buildPhases = (
				07274AD9234FB75300DD7868 /* Sources */,
				07274ADA234FB75300DD7868 /* Frameworks */,
				07274ADB234FB75300DD7868 /* Resources */,
			);
			buildRules = (
			);
			dependencies = (
			);
			name = SerialChat;
			packageProductDependencies = (
			);
			productName = SerialChat;
			productReference = 07274ADD234FB75300DD7868 /* SerialChat.app */;
			productType = "com.apple.product-type.application";
		};
/* End PBXNativeTarget section */

/* Begin PBXProject section */
		07274AD5234FB75300DD7868 /* Project object */ = {
			isa = PBXProject;
			attributes = {
				LastSwiftUpdateCheck = 1100;
				LastUpgradeCheck = 1100;
				ORGANIZATIONNAME = SikorskiIT;
				TargetAttributes = {
					07274ADC234FB75300DD7868 = {
						CreatedOnToolsVersion = 11.0;
					};
				};
			};
			buildConfigurationList = 07274AD8234FB75300DD7868 /* Build configuration list for PBXProject "SerialChat" */;
			compatibilityVersion = "Xcode 9.3";
			developmentRegion = en;
			hasScannedForEncodings = 0;
			knownRegions = (
				en,
				Base,
			);
			mainGroup = 07274AD4234FB75300DD7868;
			packageReferences = (
			);
			productRefGroup = 07274ADE234FB75300DD7868 /* Products */;
			projectDirPath = "";
			projectRoot = "";
			targets = (
				07274ADC234FB75300DD7868 /* SerialChat */,
			);
		};
/* End PBXProject section */

/* Begin PBXResourcesBuildPhase section */
		07274ADB234FB75300DD7868 /* Resources */ = {
			isa = PBXResourcesBuildPhase;
			buildActionMask = 2147483647;
			files = (
				07274AE5234FB75400DD7868 /* Assets.xcassets in Resources */,
				07274AE8234FB75400DD7868 /* Main.storyboard in Resources */,
			);
			runOnlyForDeploymentPostprocessing = 0;
		};
/* End PBXResourcesBuildPhase section */

/* Begin PBXSourcesBuildPhase section */
		07274AD9234FB75300DD7868 /* Sources */ = {
			isa = PBXSourcesBuildPhase;
			buildActionMask = 2147483647;
			files = (
				07F170592351B84100CABC73 /* SwiftSerial.swift in Sources */,
				07B58223238811C500519DC6 /* DebugView.swift in Sources */,
				07274AE3234FB75300DD7868 /* ViewController.swift in Sources */,
				07274AE1234FB75300DD7868 /* AppDelegate.swift in Sources */,
				07B58225238811D800519DC6 /* NamedTextFieldView.swift in Sources */,
				07B58221238811B600519DC6 /* ConnectionPropertyView.swift in Sources */,
			);
			runOnlyForDeploymentPostprocessing = 0;
		};
/* End PBXSourcesBuildPhase section */

/* Begin PBXVariantGroup section */
		07274AE6234FB75400DD7868 /* Main.storyboard */ = {
			isa = PBXVariantGroup;
			children = (
				07274AE7234FB75400DD7868 /* Base */,
			);
			name = Main.storyboard;
			sourceTree = "<group>";
		};
/* End PBXVariantGroup section */

/* Begin XCBuildConfiguration section */
		07274AEB234FB75400DD7868 /* Debug */ = {
			isa = XCBuildConfiguration;
			buildSettings = {
				ALWAYS_SEARCH_USER_PATHS = NO;
				CLANG_ANALYZER_NONNULL = YES;
				CLANG_ANALYZER_NUMBER_OBJECT_CONVERSION = YES_AGGRESSIVE;
				CLANG_CXX_LANGUAGE_STANDARD = "gnu++14";
				CLANG_CXX_LIBRARY = "libc++";
				CLANG_ENABLE_MODULES = YES;
				CLANG_ENABLE_OBJC_ARC = YES;
				CLANG_ENABLE_OBJC_WEAK = YES;
				CLANG_WARN_BLOCK_CAPTURE_AUTORELEASING = YES;
				CLANG_WARN_BOOL_CONVERSION = YES;
				CLANG_WARN_COMMA = YES;
				CLANG_WARN_CONSTANT_CONVERSION = YES;
				CLANG_WARN_DEPRECATED_OBJC_IMPLEMENTATIONS = YES;
				CLANG_WARN_DIRECT_OBJC_ISA_USAGE = YES_ERROR;
				CLANG_WARN_DOCUMENTATION_COMMENTS = YES;
				CLANG_WARN_EMPTY_BODY = YES;
				CLANG_WARN_ENUM_CONVERSION = YES;
				CLANG_WARN_INFINITE_RECURSION = YES;
				CLANG_WARN_INT_CONVERSION = YES;
				CLANG_WARN_NON_LITERAL_NULL_CONVERSION = YES;
				CLANG_WARN_OBJC_IMPLICIT_RETAIN_SELF = YES;
				CLANG_WARN_OBJC_LITERAL_CONVERSION = YES;
				CLANG_WARN_OBJC_ROOT_CLASS = YES_ERROR;
				CLANG_WARN_RANGE_LOOP_ANALYSIS = YES;
				CLANG_WARN_STRICT_PROTOTYPES = YES;
				CLANG_WARN_SUSPICIOUS_MOVE = YES;
				CLANG_WARN_UNGUARDED_AVAILABILITY = YES_AGGRESSIVE;
				CLANG_WARN_UNREACHABLE_CODE = YES;
				CLANG_WARN__DUPLICATE_METHOD_MATCH = YES;
				COPY_PHASE_STRIP = NO;
				DEBUG_INFORMATION_FORMAT = dwarf;
				ENABLE_STRICT_OBJC_MSGSEND = YES;
				ENABLE_TESTABILITY = YES;
				GCC_C_LANGUAGE_STANDARD = gnu11;
				GCC_DYNAMIC_NO_PIC = NO;
				GCC_NO_COMMON_BLOCKS = YES;
				GCC_OPTIMIZATION_LEVEL = 0;
				GCC_PREPROCESSOR_DEFINITIONS = (
					"DEBUG=1",
					"$(inherited)",
				);
				GCC_WARN_64_TO_32_BIT_CONVERSION = YES;
				GCC_WARN_ABOUT_RETURN_TYPE = YES_ERROR;
				GCC_WARN_UNDECLARED_SELECTOR = YES;
				GCC_WARN_UNINITIALIZED_AUTOS = YES_AGGRESSIVE;
				GCC_WARN_UNUSED_FUNCTION = YES;
				GCC_WARN_UNUSED_VARIABLE = YES;
				MACOSX_DEPLOYMENT_TARGET = 10.14;
				MTL_ENABLE_DEBUG_INFO = INCLUDE_SOURCE;
				MTL_FAST_MATH = YES;
				ONLY_ACTIVE_ARCH = YES;
				SDKROOT = macosx;
				SWIFT_ACTIVE_COMPILATION_CONDITIONS = DEBUG;
				SWIFT_OPTIMIZATION_LEVEL = "-Onone";
			};
			name = Debug;
		};
		07274AEC234FB75400DD7868 /* Release */ = {
			isa = XCBuildConfiguration;
			buildSettings = {
				ALWAYS_SEARCH_USER_PATHS = NO;
				CLANG_ANALYZER_NONNULL = YES;
				CLANG_ANALYZER_NUMBER_OBJECT_CONVERSION = YES_AGGRESSIVE;
				CLANG_CXX_LANGUAGE_STANDARD = "gnu++14";
				CLANG_CXX_LIBRARY = "libc++";
				CLANG_ENABLE_MODULES = YES;
				CLANG_ENABLE_OBJC_ARC = YES;
				CLANG_ENABLE_OBJC_WEAK = YES;
				CLANG_WARN_BLOCK_CAPTURE_AUTORELEASING = YES;
				CLANG_WARN_BOOL_CONVERSION = YES;
				CLANG_WARN_COMMA = YES;
				CLANG_WARN_CONSTANT_CONVERSION = YES;
				CLANG_WARN_DEPRECATED_OBJC_IMPLEMENTATIONS = YES;
				CLANG_WARN_DIRECT_OBJC_ISA_USAGE = YES_ERROR;
				CLANG_WARN_DOCUMENTATION_COMMENTS = YES;
				CLANG_WARN_EMPTY_BODY = YES;
				CLANG_WARN_ENUM_CONVERSION = YES;
				CLANG_WARN_INFINITE_RECURSION = YES;
				CLANG_WARN_INT_CONVERSION = YES;
				CLANG_WARN_NON_LITERAL_NULL_CONVERSION = YES;
				CLANG_WARN_OBJC_IMPLICIT_RETAIN_SELF = YES;
				CLANG_WARN_OBJC_LITERAL_CONVERSION = YES;
				CLANG_WARN_OBJC_ROOT_CLASS = YES_ERROR;
				CLANG_WARN_RANGE_LOOP_ANALYSIS = YES;
				CLANG_WARN_STRICT_PROTOTYPES = YES;
				CLANG_WARN_SUSPICIOUS_MOVE = YES;
				CLANG_WARN_UNGUARDED_AVAILABILITY = YES_AGGRESSIVE;
				CLANG_WARN_UNREACHABLE_CODE = YES;
				CLANG_WARN__DUPLICATE_METHOD_MATCH = YES;
				COPY_PHASE_STRIP = NO;
				DEBUG_INFORMATION_FORMAT = "dwarf-with-dsym";
				ENABLE_NS_ASSERTIONS = NO;
				ENABLE_STRICT_OBJC_MSGSEND = YES;
				GCC_C_LANGUAGE_STANDARD = gnu11;
				GCC_NO_COMMON_BLOCKS = YES;
				GCC_WARN_64_TO_32_BIT_CONVERSION = YES;
				GCC_WARN_ABOUT_RETURN_TYPE = YES_ERROR;
				GCC_WARN_UNDECLARED_SELECTOR = YES;
				GCC_WARN_UNINITIALIZED_AUTOS = YES_AGGRESSIVE;
				GCC_WARN_UNUSED_FUNCTION = YES;
				GCC_WARN_UNUSED_VARIABLE = YES;
				MACOSX_DEPLOYMENT_TARGET = 10.14;
				MTL_ENABLE_DEBUG_INFO = NO;
				MTL_FAST_MATH = YES;
				SDKROOT = macosx;
				SWIFT_COMPILATION_MODE = wholemodule;
				SWIFT_OPTIMIZATION_LEVEL = "-O";
			};
			name = Release;
		};
		07274AEE234FB75400DD7868 /* Debug */ = {
			isa = XCBuildConfiguration;
			buildSettings = {
				ASSETCATALOG_COMPILER_APPICON_NAME = AppIcon;
				CODE_SIGN_ENTITLEMENTS = SerialChat/SerialChat.entitlements;
				CODE_SIGN_STYLE = Automatic;
				COMBINE_HIDPI_IMAGES = YES;
				DEVELOPMENT_TEAM = ZHQ4KDQRB9;
				ENABLE_HARDENED_RUNTIME = YES;
				INFOPLIST_FILE = SerialChat/Info.plist;
				LD_RUNPATH_SEARCH_PATHS = (
					"$(inherited)",
					"@executable_path/../Frameworks",
				);
				PRODUCT_BUNDLE_IDENTIFIER = com.sikorski.SerialChat;
				PRODUCT_NAME = "$(TARGET_NAME)";
				SWIFT_VERSION = 5.0;
			};
			name = Debug;
		};
		07274AEF234FB75400DD7868 /* Release */ = {
			isa = XCBuildConfiguration;
			buildSettings = {
				ASSETCATALOG_COMPILER_APPICON_NAME = AppIcon;
				CODE_SIGN_ENTITLEMENTS = SerialChat/SerialChat.entitlements;
				CODE_SIGN_STYLE = Automatic;
				COMBINE_HIDPI_IMAGES = YES;
				DEVELOPMENT_TEAM = ZHQ4KDQRB9;
				ENABLE_HARDENED_RUNTIME = YES;
				INFOPLIST_FILE = SerialChat/Info.plist;
				LD_RUNPATH_SEARCH_PATHS = (
					"$(inherited)",
					"@executable_path/../Frameworks",
				);
				PRODUCT_BUNDLE_IDENTIFIER = com.sikorski.SerialChat;
				PRODUCT_NAME = "$(TARGET_NAME)";
				SWIFT_VERSION = 5.0;
			};
			name = Release;
		};
/* End XCBuildConfiguration section */

/* Begin XCConfigurationList section */
		07274AD8234FB75300DD7868 /* Build configuration list for PBXProject "SerialChat" */ = {
			isa = XCConfigurationList;
			buildConfigurations = (
				07274AEB234FB75400DD7868 /* Debug */,
				07274AEC234FB75400DD7868 /* Release */,
			);
			defaultConfigurationIsVisible = 0;
			defaultConfigurationName = Release;
		};
		07274AED234FB75400DD7868 /* Build configuration list for PBXNativeTarget "SerialChat" */ = {
			isa = XCConfigurationList;
			buildConfigurations = (
				07274AEE234FB75400DD7868 /* Debug */,
				07274AEF234FB75400DD7868 /* Release */,
			);
			defaultConfigurationIsVisible = 0;
			defaultConfigurationName = Release;
		};
/* End XCConfigurationList section */
	};
	rootObject = 07274AD5234FB75300DD7868 /* Project object */;
}
